
Microsoft Visual Studio Solution File, Format Version 12.00
# Visual Studio Version 16
VisualStudioVersion = 16.0.31005.135
MinimumVisualStudioVersion = 10.0.40219.1
Project("{9A19103F-16F7-4668-BE54-9A1E7A4F7556}") = "Urho3DNetTemplate", "Urho3DNetTemplate\Urho3DNetTemplate.csproj", "{12061FFC-551B-48ED-96CA-BB13DF2B8C67}"
EndProject
Project("{9A19103F-16F7-4668-BE54-9A1E7A4F7556}") = "Urho3DNetTemplate.Core", "Urho3DNetTemplate.Core\Urho3DNetTemplate.Core.csproj", "{D4F1B478-0557-4917-A162-1A38E96D3A9B}"
EndProject
Project("{9A19103F-16F7-4668-BE54-9A1E7A4F7556}") = "Urho3DNetTemplate.Desktop", "Urho3DNetTemplate.Desktop\Urho3DNetTemplate.Desktop.csproj", "{DFC9B13A-FDBD-4A53-B9A7-32CF03176FD4}"
EndProject
Project("{FAE04EC0-301F-11D3-BF4B-00C04F79EFBC}") = "Urho3DNetTemplate.UWP", "Urho3DNetTemplate.UWP\Urho3DNetTemplate.UWP.csproj", "{6EC5CAE7-DD30-4181-ADF2-B1BA19BA84F0}"
EndProject
Project("{FAE04EC0-301F-11D3-BF4B-00C04F79EFBC}") = "Urho3DNetTemplate.IOS", "Urho3DNetTemplate.IOS\Urho3DNetTemplate.IOS.csproj", "{8A54A293-45F2-4059-83C3-E75C803395DA}"
EndProject
Project("{FAE04EC0-301F-11D3-BF4B-00C04F79EFBC}") = "Urho3DNetTemplate.Android", "Urho3DNetTemplate.Android\Urho3DNetTemplate.Android.csproj", "{C9FB4CE4-66C0-4661-9B65-46CA74AA1FEC}"
EndProject
Project("{FAE04EC0-301F-11D3-BF4B-00C04F79EFBC}") = "Urho3DNet", "Urho3DNet\Urho3DNet.csproj", "{4B85DC17-0684-499C-91B2-ED36903BFDE7}"
EndProject
Global
	GlobalSection(SolutionConfigurationPlatforms) = preSolution
		Debug|Any CPU = Debug|Any CPU
		Debug|ARM = Debug|ARM
		Debug|ARM64 = Debug|ARM64
		Debug|iPhone = Debug|iPhone
		Debug|iPhoneSimulator = Debug|iPhoneSimulator
		Debug|x64 = Debug|x64
		Debug|x86 = Debug|x86
		Release|Any CPU = Release|Any CPU
		Release|ARM = Release|ARM
		Release|ARM64 = Release|ARM64
		Release|iPhone = Release|iPhone
		Release|iPhoneSimulator = Release|iPhoneSimulator
		Release|x64 = Release|x64
		Release|x86 = Release|x86
	EndGlobalSection
	GlobalSection(ProjectConfigurationPlatforms) = postSolution
		{12061FFC-551B-48ED-96CA-BB13DF2B8C67}.Debug|Any CPU.ActiveCfg = Debug|Any CPU
		{12061FFC-551B-48ED-96CA-BB13DF2B8C67}.Debug|Any CPU.Build.0 = Debug|Any CPU
		{12061FFC-551B-48ED-96CA-BB13DF2B8C67}.Debug|ARM.ActiveCfg = Debug|Any CPU
		{12061FFC-551B-48ED-96CA-BB13DF2B8C67}.Debug|ARM.Build.0 = Debug|Any CPU
		{12061FFC-551B-48ED-96CA-BB13DF2B8C67}.Debug|ARM64.ActiveCfg = Debug|Any CPU
		{12061FFC-551B-48ED-96CA-BB13DF2B8C67}.Debug|ARM64.Build.0 = Debug|Any CPU
		{12061FFC-551B-48ED-96CA-BB13DF2B8C67}.Debug|iPhone.ActiveCfg = Debug|Any CPU
		{12061FFC-551B-48ED-96CA-BB13DF2B8C67}.Debug|iPhone.Build.0 = Debug|Any CPU
		{12061FFC-551B-48ED-96CA-BB13DF2B8C67}.Debug|iPhoneSimulator.ActiveCfg = Debug|Any CPU
		{12061FFC-551B-48ED-96CA-BB13DF2B8C67}.Debug|iPhoneSimulator.Build.0 = Debug|Any CPU
		{12061FFC-551B-48ED-96CA-BB13DF2B8C67}.Debug|x64.ActiveCfg = Debug|Any CPU
		{12061FFC-551B-48ED-96CA-BB13DF2B8C67}.Debug|x64.Build.0 = Debug|Any CPU
		{12061FFC-551B-48ED-96CA-BB13DF2B8C67}.Debug|x86.ActiveCfg = Debug|Any CPU
		{12061FFC-551B-48ED-96CA-BB13DF2B8C67}.Debug|x86.Build.0 = Debug|Any CPU
		{12061FFC-551B-48ED-96CA-BB13DF2B8C67}.Release|Any CPU.ActiveCfg = Release|Any CPU
		{12061FFC-551B-48ED-96CA-BB13DF2B8C67}.Release|Any CPU.Build.0 = Release|Any CPU
		{12061FFC-551B-48ED-96CA-BB13DF2B8C67}.Release|ARM.ActiveCfg = Release|Any CPU
		{12061FFC-551B-48ED-96CA-BB13DF2B8C67}.Release|ARM.Build.0 = Release|Any CPU
		{12061FFC-551B-48ED-96CA-BB13DF2B8C67}.Release|ARM64.ActiveCfg = Release|Any CPU
		{12061FFC-551B-48ED-96CA-BB13DF2B8C67}.Release|ARM64.Build.0 = Release|Any CPU
		{12061FFC-551B-48ED-96CA-BB13DF2B8C67}.Release|iPhone.ActiveCfg = Release|Any CPU
		{12061FFC-551B-48ED-96CA-BB13DF2B8C67}.Release|iPhone.Build.0 = Release|Any CPU
		{12061FFC-551B-48ED-96CA-BB13DF2B8C67}.Release|iPhoneSimulator.ActiveCfg = Release|Any CPU
		{12061FFC-551B-48ED-96CA-BB13DF2B8C67}.Release|iPhoneSimulator.Build.0 = Release|Any CPU
		{12061FFC-551B-48ED-96CA-BB13DF2B8C67}.Release|x64.ActiveCfg = Release|Any CPU
		{12061FFC-551B-48ED-96CA-BB13DF2B8C67}.Release|x64.Build.0 = Release|Any CPU
		{12061FFC-551B-48ED-96CA-BB13DF2B8C67}.Release|x86.ActiveCfg = Release|Any CPU
		{12061FFC-551B-48ED-96CA-BB13DF2B8C67}.Release|x86.Build.0 = Release|Any CPU
		{D4F1B478-0557-4917-A162-1A38E96D3A9B}.Debug|Any CPU.ActiveCfg = Debug|Any CPU
		{D4F1B478-0557-4917-A162-1A38E96D3A9B}.Debug|Any CPU.Build.0 = Debug|Any CPU
		{D4F1B478-0557-4917-A162-1A38E96D3A9B}.Debug|ARM.ActiveCfg = Debug|Any CPU
		{D4F1B478-0557-4917-A162-1A38E96D3A9B}.Debug|ARM.Build.0 = Debug|Any CPU
		{D4F1B478-0557-4917-A162-1A38E96D3A9B}.Debug|ARM64.ActiveCfg = Debug|Any CPU
		{D4F1B478-0557-4917-A162-1A38E96D3A9B}.Debug|ARM64.Build.0 = Debug|Any CPU
		{D4F1B478-0557-4917-A162-1A38E96D3A9B}.Debug|iPhone.ActiveCfg = Debug|Any CPU
		{D4F1B478-0557-4917-A162-1A38E96D3A9B}.Debug|iPhone.Build.0 = Debug|Any CPU
		{D4F1B478-0557-4917-A162-1A38E96D3A9B}.Debug|iPhoneSimulator.ActiveCfg = Debug|Any CPU
		{D4F1B478-0557-4917-A162-1A38E96D3A9B}.Debug|iPhoneSimulator.Build.0 = Debug|Any CPU
		{D4F1B478-0557-4917-A162-1A38E96D3A9B}.Debug|x64.ActiveCfg = Debug|Any CPU
		{D4F1B478-0557-4917-A162-1A38E96D3A9B}.Debug|x64.Build.0 = Debug|Any CPU
		{D4F1B478-0557-4917-A162-1A38E96D3A9B}.Debug|x86.ActiveCfg = Debug|Any CPU
		{D4F1B478-0557-4917-A162-1A38E96D3A9B}.Debug|x86.Build.0 = Debug|Any CPU
		{D4F1B478-0557-4917-A162-1A38E96D3A9B}.Release|Any CPU.ActiveCfg = Release|Any CPU
		{D4F1B478-0557-4917-A162-1A38E96D3A9B}.Release|Any CPU.Build.0 = Release|Any CPU
		{D4F1B478-0557-4917-A162-1A38E96D3A9B}.Release|ARM.ActiveCfg = Release|Any CPU
		{D4F1B478-0557-4917-A162-1A38E96D3A9B}.Release|ARM.Build.0 = Release|Any CPU
		{D4F1B478-0557-4917-A162-1A38E96D3A9B}.Release|ARM64.ActiveCfg = Release|Any CPU
		{D4F1B478-0557-4917-A162-1A38E96D3A9B}.Release|ARM64.Build.0 = Release|Any CPU
		{D4F1B478-0557-4917-A162-1A38E96D3A9B}.Release|iPhone.ActiveCfg = Release|Any CPU
		{D4F1B478-0557-4917-A162-1A38E96D3A9B}.Release|iPhone.Build.0 = Release|Any CPU
		{D4F1B478-0557-4917-A162-1A38E96D3A9B}.Release|iPhoneSimulator.ActiveCfg = Release|Any CPU
		{D4F1B478-0557-4917-A162-1A38E96D3A9B}.Release|iPhoneSimulator.Build.0 = Release|Any CPU
		{D4F1B478-0557-4917-A162-1A38E96D3A9B}.Release|x64.ActiveCfg = Release|Any CPU
		{D4F1B478-0557-4917-A162-1A38E96D3A9B}.Release|x64.Build.0 = Release|Any CPU
		{D4F1B478-0557-4917-A162-1A38E96D3A9B}.Release|x86.ActiveCfg = Release|Any CPU
		{D4F1B478-0557-4917-A162-1A38E96D3A9B}.Release|x86.Build.0 = Release|Any CPU
		{DFC9B13A-FDBD-4A53-B9A7-32CF03176FD4}.Debug|Any CPU.ActiveCfg = Debug|Any CPU
		{DFC9B13A-FDBD-4A53-B9A7-32CF03176FD4}.Debug|Any CPU.Build.0 = Debug|Any CPU
		{DFC9B13A-FDBD-4A53-B9A7-32CF03176FD4}.Debug|ARM.ActiveCfg = Debug|Any CPU
		{DFC9B13A-FDBD-4A53-B9A7-32CF03176FD4}.Debug|ARM.Build.0 = Debug|Any CPU
		{DFC9B13A-FDBD-4A53-B9A7-32CF03176FD4}.Debug|ARM64.ActiveCfg = Debug|Any CPU
		{DFC9B13A-FDBD-4A53-B9A7-32CF03176FD4}.Debug|ARM64.Build.0 = Debug|Any CPU
		{DFC9B13A-FDBD-4A53-B9A7-32CF03176FD4}.Debug|iPhone.ActiveCfg = Debug|Any CPU
		{DFC9B13A-FDBD-4A53-B9A7-32CF03176FD4}.Debug|iPhone.Build.0 = Debug|Any CPU
		{DFC9B13A-FDBD-4A53-B9A7-32CF03176FD4}.Debug|iPhoneSimulator.ActiveCfg = Debug|Any CPU
		{DFC9B13A-FDBD-4A53-B9A7-32CF03176FD4}.Debug|iPhoneSimulator.Build.0 = Debug|Any CPU
		{DFC9B13A-FDBD-4A53-B9A7-32CF03176FD4}.Debug|x64.ActiveCfg = Debug|Any CPU
		{DFC9B13A-FDBD-4A53-B9A7-32CF03176FD4}.Debug|x64.Build.0 = Debug|Any CPU
		{DFC9B13A-FDBD-4A53-B9A7-32CF03176FD4}.Debug|x86.ActiveCfg = Debug|Any CPU
		{DFC9B13A-FDBD-4A53-B9A7-32CF03176FD4}.Debug|x86.Build.0 = Debug|Any CPU
		{DFC9B13A-FDBD-4A53-B9A7-32CF03176FD4}.Release|Any CPU.ActiveCfg = Release|Any CPU
		{DFC9B13A-FDBD-4A53-B9A7-32CF03176FD4}.Release|Any CPU.Build.0 = Release|Any CPU
		{DFC9B13A-FDBD-4A53-B9A7-32CF03176FD4}.Release|ARM.ActiveCfg = Release|Any CPU
		{DFC9B13A-FDBD-4A53-B9A7-32CF03176FD4}.Release|ARM.Build.0 = Release|Any CPU
		{DFC9B13A-FDBD-4A53-B9A7-32CF03176FD4}.Release|ARM64.ActiveCfg = Release|Any CPU
		{DFC9B13A-FDBD-4A53-B9A7-32CF03176FD4}.Release|ARM64.Build.0 = Release|Any CPU
		{DFC9B13A-FDBD-4A53-B9A7-32CF03176FD4}.Release|iPhone.ActiveCfg = Release|Any CPU
		{DFC9B13A-FDBD-4A53-B9A7-32CF03176FD4}.Release|iPhone.Build.0 = Release|Any CPU
		{DFC9B13A-FDBD-4A53-B9A7-32CF03176FD4}.Release|iPhoneSimulator.ActiveCfg = Release|Any CPU
		{DFC9B13A-FDBD-4A53-B9A7-32CF03176FD4}.Release|iPhoneSimulator.Build.0 = Release|Any CPU
		{DFC9B13A-FDBD-4A53-B9A7-32CF03176FD4}.Release|x64.ActiveCfg = Release|Any CPU
		{DFC9B13A-FDBD-4A53-B9A7-32CF03176FD4}.Release|x64.Build.0 = Release|Any CPU
		{DFC9B13A-FDBD-4A53-B9A7-32CF03176FD4}.Release|x86.ActiveCfg = Release|Any CPU
		{DFC9B13A-FDBD-4A53-B9A7-32CF03176FD4}.Release|x86.Build.0 = Release|Any CPU
		{6EC5CAE7-DD30-4181-ADF2-B1BA19BA84F0}.Debug|Any CPU.ActiveCfg = Debug|x86
		{6EC5CAE7-DD30-4181-ADF2-B1BA19BA84F0}.Debug|ARM.ActiveCfg = Debug|ARM
		{6EC5CAE7-DD30-4181-ADF2-B1BA19BA84F0}.Debug|ARM.Build.0 = Debug|ARM
		{6EC5CAE7-DD30-4181-ADF2-B1BA19BA84F0}.Debug|ARM.Deploy.0 = Debug|ARM
		{6EC5CAE7-DD30-4181-ADF2-B1BA19BA84F0}.Debug|ARM64.ActiveCfg = Debug|ARM64
		{6EC5CAE7-DD30-4181-ADF2-B1BA19BA84F0}.Debug|ARM64.Build.0 = Debug|ARM64
		{6EC5CAE7-DD30-4181-ADF2-B1BA19BA84F0}.Debug|ARM64.Deploy.0 = Debug|ARM64
		{6EC5CAE7-DD30-4181-ADF2-B1BA19BA84F0}.Debug|iPhone.ActiveCfg = Debug|x86
		{6EC5CAE7-DD30-4181-ADF2-B1BA19BA84F0}.Debug|iPhoneSimulator.ActiveCfg = Debug|x86
		{6EC5CAE7-DD30-4181-ADF2-B1BA19BA84F0}.Debug|x64.ActiveCfg = Debug|x64
		{6EC5CAE7-DD30-4181-ADF2-B1BA19BA84F0}.Debug|x64.Build.0 = Debug|x64
		{6EC5CAE7-DD30-4181-ADF2-B1BA19BA84F0}.Debug|x64.Deploy.0 = Debug|x64
		{6EC5CAE7-DD30-4181-ADF2-B1BA19BA84F0}.Debug|x86.ActiveCfg = Debug|x86
		{6EC5CAE7-DD30-4181-ADF2-B1BA19BA84F0}.Debug|x86.Build.0 = Debug|x86
		{6EC5CAE7-DD30-4181-ADF2-B1BA19BA84F0}.Debug|x86.Deploy.0 = Debug|x86
		{6EC5CAE7-DD30-4181-ADF2-B1BA19BA84F0}.Release|Any CPU.ActiveCfg = Release|x86
		{6EC5CAE7-DD30-4181-ADF2-B1BA19BA84F0}.Release|ARM.ActiveCfg = Release|ARM
		{6EC5CAE7-DD30-4181-ADF2-B1BA19BA84F0}.Release|ARM.Build.0 = Release|ARM
		{6EC5CAE7-DD30-4181-ADF2-B1BA19BA84F0}.Release|ARM.Deploy.0 = Release|ARM
		{6EC5CAE7-DD30-4181-ADF2-B1BA19BA84F0}.Release|ARM64.ActiveCfg = Release|ARM64
		{6EC5CAE7-DD30-4181-ADF2-B1BA19BA84F0}.Release|ARM64.Build.0 = Release|ARM64
		{6EC5CAE7-DD30-4181-ADF2-B1BA19BA84F0}.Release|ARM64.Deploy.0 = Release|ARM64
		{6EC5CAE7-DD30-4181-ADF2-B1BA19BA84F0}.Release|iPhone.ActiveCfg = Release|x86
		{6EC5CAE7-DD30-4181-ADF2-B1BA19BA84F0}.Release|iPhoneSimulator.ActiveCfg = Release|x86
		{6EC5CAE7-DD30-4181-ADF2-B1BA19BA84F0}.Release|x64.ActiveCfg = Release|x64
		{6EC5CAE7-DD30-4181-ADF2-B1BA19BA84F0}.Release|x64.Build.0 = Release|x64
		{6EC5CAE7-DD30-4181-ADF2-B1BA19BA84F0}.Release|x64.Deploy.0 = Release|x64
		{6EC5CAE7-DD30-4181-ADF2-B1BA19BA84F0}.Release|x86.ActiveCfg = Release|x86
		{6EC5CAE7-DD30-4181-ADF2-B1BA19BA84F0}.Release|x86.Build.0 = Release|x86
		{6EC5CAE7-DD30-4181-ADF2-B1BA19BA84F0}.Release|x86.Deploy.0 = Release|x86
		{8A54A293-45F2-4059-83C3-E75C803395DA}.Debug|Any CPU.ActiveCfg = Debug|iPhoneSimulator
		{8A54A293-45F2-4059-83C3-E75C803395DA}.Debug|ARM.ActiveCfg = Debug|iPhoneSimulator
		{8A54A293-45F2-4059-83C3-E75C803395DA}.Debug|ARM64.ActiveCfg = Debug|iPhoneSimulator
		{8A54A293-45F2-4059-83C3-E75C803395DA}.Debug|iPhone.ActiveCfg = Debug|iPhone
		{8A54A293-45F2-4059-83C3-E75C803395DA}.Debug|iPhone.Build.0 = Debug|iPhone
		{8A54A293-45F2-4059-83C3-E75C803395DA}.Debug|iPhone.Deploy.0 = Debug|iPhone
		{8A54A293-45F2-4059-83C3-E75C803395DA}.Debug|iPhoneSimulator.ActiveCfg = Debug|iPhoneSimulator
		{8A54A293-45F2-4059-83C3-E75C803395DA}.Debug|iPhoneSimulator.Build.0 = Debug|iPhoneSimulator
		{8A54A293-45F2-4059-83C3-E75C803395DA}.Debug|x64.ActiveCfg = Debug|iPhoneSimulator
		{8A54A293-45F2-4059-83C3-E75C803395DA}.Debug|x86.ActiveCfg = Debug|iPhoneSimulator
		{8A54A293-45F2-4059-83C3-E75C803395DA}.Release|Any CPU.ActiveCfg = Release|iPhoneSimulator
		{8A54A293-45F2-4059-83C3-E75C803395DA}.Release|ARM.ActiveCfg = Release|iPhoneSimulator
		{8A54A293-45F2-4059-83C3-E75C803395DA}.Release|ARM64.ActiveCfg = Release|iPhoneSimulator
		{8A54A293-45F2-4059-83C3-E75C803395DA}.Release|iPhone.ActiveCfg = Release|iPhone
		{8A54A293-45F2-4059-83C3-E75C803395DA}.Release|iPhone.Build.0 = Release|iPhone
		{8A54A293-45F2-4059-83C3-E75C803395DA}.Release|iPhoneSimulator.ActiveCfg = Release|iPhoneSimulator
		{8A54A293-45F2-4059-83C3-E75C803395DA}.Release|iPhoneSimulator.Build.0 = Release|iPhoneSimulator
		{8A54A293-45F2-4059-83C3-E75C803395DA}.Release|x64.ActiveCfg = Release|iPhoneSimulator
		{8A54A293-45F2-4059-83C3-E75C803395DA}.Release|x86.ActiveCfg = Release|iPhoneSimulator
		{C9FB4CE4-66C0-4661-9B65-46CA74AA1FEC}.Debug|Any CPU.ActiveCfg = Debug|Any CPU
		{C9FB4CE4-66C0-4661-9B65-46CA74AA1FEC}.Debug|Any CPU.Build.0 = Debug|Any CPU
		{C9FB4CE4-66C0-4661-9B65-46CA74AA1FEC}.Debug|Any CPU.Deploy.0 = Debug|Any CPU
		{C9FB4CE4-66C0-4661-9B65-46CA74AA1FEC}.Debug|ARM.ActiveCfg = Debug|Any CPU
		{C9FB4CE4-66C0-4661-9B65-46CA74AA1FEC}.Debug|ARM.Build.0 = Debug|Any CPU
		{C9FB4CE4-66C0-4661-9B65-46CA74AA1FEC}.Debug|ARM.Deploy.0 = Debug|Any CPU
		{C9FB4CE4-66C0-4661-9B65-46CA74AA1FEC}.Debug|ARM64.ActiveCfg = Debug|Any CPU
		{C9FB4CE4-66C0-4661-9B65-46CA74AA1FEC}.Debug|ARM64.Build.0 = Debug|Any CPU
		{C9FB4CE4-66C0-4661-9B65-46CA74AA1FEC}.Debug|ARM64.Deploy.0 = Debug|Any CPU
		{C9FB4CE4-66C0-4661-9B65-46CA74AA1FEC}.Debug|iPhone.ActiveCfg = Debug|Any CPU
		{C9FB4CE4-66C0-4661-9B65-46CA74AA1FEC}.Debug|iPhone.Build.0 = Debug|Any CPU
		{C9FB4CE4-66C0-4661-9B65-46CA74AA1FEC}.Debug|iPhoneSimulator.ActiveCfg = Debug|Any CPU
		{C9FB4CE4-66C0-4661-9B65-46CA74AA1FEC}.Debug|iPhoneSimulator.Build.0 = Debug|Any CPU
		{C9FB4CE4-66C0-4661-9B65-46CA74AA1FEC}.Debug|iPhoneSimulator.Deploy.0 = Debug|Any CPU
		{C9FB4CE4-66C0-4661-9B65-46CA74AA1FEC}.Debug|x64.ActiveCfg = Debug|Any CPU
		{C9FB4CE4-66C0-4661-9B65-46CA74AA1FEC}.Debug|x86.ActiveCfg = Debug|Any CPU
		{C9FB4CE4-66C0-4661-9B65-46CA74AA1FEC}.Debug|x86.Build.0 = Debug|Any CPU
		{C9FB4CE4-66C0-4661-9B65-46CA74AA1FEC}.Debug|x86.Deploy.0 = Debug|Any CPU
		{C9FB4CE4-66C0-4661-9B65-46CA74AA1FEC}.Release|Any CPU.ActiveCfg = Release|Any CPU
		{C9FB4CE4-66C0-4661-9B65-46CA74AA1FEC}.Release|Any CPU.Build.0 = Release|Any CPU
		{C9FB4CE4-66C0-4661-9B65-46CA74AA1FEC}.Release|Any CPU.Deploy.0 = Release|Any CPU
		{C9FB4CE4-66C0-4661-9B65-46CA74AA1FEC}.Release|ARM.ActiveCfg = Release|Any CPU
		{C9FB4CE4-66C0-4661-9B65-46CA74AA1FEC}.Release|ARM.Build.0 = Release|Any CPU
		{C9FB4CE4-66C0-4661-9B65-46CA74AA1FEC}.Release|ARM.Deploy.0 = Release|Any CPU
		{C9FB4CE4-66C0-4661-9B65-46CA74AA1FEC}.Release|ARM64.ActiveCfg = Release|Any CPU
		{C9FB4CE4-66C0-4661-9B65-46CA74AA1FEC}.Release|ARM64.Build.0 = Release|Any CPU
		{C9FB4CE4-66C0-4661-9B65-46CA74AA1FEC}.Release|ARM64.Deploy.0 = Release|Any CPU
		{C9FB4CE4-66C0-4661-9B65-46CA74AA1FEC}.Release|iPhone.ActiveCfg = Release|Any CPU
		{C9FB4CE4-66C0-4661-9B65-46CA74AA1FEC}.Release|iPhone.Build.0 = Release|Any CPU
		{C9FB4CE4-66C0-4661-9B65-46CA74AA1FEC}.Release|iPhone.Deploy.0 = Release|Any CPU
		{C9FB4CE4-66C0-4661-9B65-46CA74AA1FEC}.Release|iPhoneSimulator.ActiveCfg = Release|Any CPU
		{C9FB4CE4-66C0-4661-9B65-46CA74AA1FEC}.Release|iPhoneSimulator.Build.0 = Release|Any CPU
		{C9FB4CE4-66C0-4661-9B65-46CA74AA1FEC}.Release|iPhoneSimulator.Deploy.0 = Release|Any CPU
		{C9FB4CE4-66C0-4661-9B65-46CA74AA1FEC}.Release|x64.ActiveCfg = Release|Any CPU
		{C9FB4CE4-66C0-4661-9B65-46CA74AA1FEC}.Release|x64.Build.0 = Release|Any CPU
		{C9FB4CE4-66C0-4661-9B65-46CA74AA1FEC}.Release|x64.Deploy.0 = Release|Any CPU
		{C9FB4CE4-66C0-4661-9B65-46CA74AA1FEC}.Release|x86.ActiveCfg = Release|Any CPU
		{C9FB4CE4-66C0-4661-9B65-46CA74AA1FEC}.Release|x86.Build.0 = Release|Any CPU
		{C9FB4CE4-66C0-4661-9B65-46CA74AA1FEC}.Release|x86.Deploy.0 = Release|Any CPU
		{4B85DC17-0684-499C-91B2-ED36903BFDE7}.Debug|Any CPU.ActiveCfg = Debug|Any CPU
		{4B85DC17-0684-499C-91B2-ED36903BFDE7}.Debug|Any CPU.Build.0 = Debug|Any CPU
		{4B85DC17-0684-499C-91B2-ED36903BFDE7}.Debug|ARM.ActiveCfg = Debug|Any CPU
		{4B85DC17-0684-499C-91B2-ED36903BFDE7}.Debug|ARM.Build.0 = Debug|Any CPU
		{4B85DC17-0684-499C-91B2-ED36903BFDE7}.Debug|ARM64.ActiveCfg = Debug|Any CPU
		{4B85DC17-0684-499C-91B2-ED36903BFDE7}.Debug|ARM64.Build.0 = Debug|Any CPU
		{4B85DC17-0684-499C-91B2-ED36903BFDE7}.Debug|iPhone.ActiveCfg = Debug|Any CPU
		{4B85DC17-0684-499C-91B2-ED36903BFDE7}.Debug|iPhone.Build.0 = Debug|Any CPU
		{4B85DC17-0684-499C-91B2-ED36903BFDE7}.Debug|iPhoneSimulator.ActiveCfg = Debug|Any CPU
		{4B85DC17-0684-499C-91B2-ED36903BFDE7}.Debug|iPhoneSimulator.Build.0 = Debug|Any CPU
		{4B85DC17-0684-499C-91B2-ED36903BFDE7}.Debug|x64.ActiveCfg = Debug|Any CPU
		{4B85DC17-0684-499C-91B2-ED36903BFDE7}.Debug|x86.ActiveCfg = Debug|Any CPU
		{4B85DC17-0684-499C-91B2-ED36903BFDE7}.Debug|x86.Build.0 = Debug|Any CPU
		{4B85DC17-0684-499C-91B2-ED36903BFDE7}.Release|Any CPU.ActiveCfg = Release|Any CPU
		{4B85DC17-0684-499C-91B2-ED36903BFDE7}.Release|Any CPU.Build.0 = Release|Any CPU
		{4B85DC17-0684-499C-91B2-ED36903BFDE7}.Release|ARM.ActiveCfg = Release|Any CPU
		{4B85DC17-0684-499C-91B2-ED36903BFDE7}.Release|ARM.Build.0 = Release|Any CPU
		{4B85DC17-0684-499C-91B2-ED36903BFDE7}.Release|ARM64.ActiveCfg = Release|Any CPU
		{4B85DC17-0684-499C-91B2-ED36903BFDE7}.Release|ARM64.Build.0 = Release|Any CPU
		{4B85DC17-0684-499C-91B2-ED36903BFDE7}.Release|iPhone.ActiveCfg = Release|Any CPU
		{4B85DC17-0684-499C-91B2-ED36903BFDE7}.Release|iPhone.Build.0 = Release|Any CPU
		{4B85DC17-0684-499C-91B2-ED36903BFDE7}.Release|iPhoneSimulator.ActiveCfg = Release|Any CPU
		{4B85DC17-0684-499C-91B2-ED36903BFDE7}.Release|iPhoneSimulator.Build.0 = Release|Any CPU
		{4B85DC17-0684-499C-91B2-ED36903BFDE7}.Release|x64.ActiveCfg = Release|Any CPU
		{4B85DC17-0684-499C-91B2-ED36903BFDE7}.Release|x64.Build.0 = Release|Any CPU
		{4B85DC17-0684-499C-91B2-ED36903BFDE7}.Release|x86.ActiveCfg = Release|Any CPU
		{4B85DC17-0684-499C-91B2-ED36903BFDE7}.Release|x86.Build.0 = Release|Any CPU
	EndGlobalSection
	GlobalSection(SolutionProperties) = preSolution
		HideSolutionNode = FALSE
	EndGlobalSection
	GlobalSection(ExtensibilityGlobals) = postSolution
		SolutionGuid = {D577FE49-DD32-444F-893E-40C3A523EDA6}
	EndGlobalSection
EndGlobal
